
Microsoft Visual Studio Solution File, Format Version 12.00
# Visual Studio Version 16
VisualStudioVersion = 16.0.29215.179
MinimumVisualStudioVersion = 10.0.40219.1
Project("{9A19103F-16F7-4668-BE54-9A1E7A4F7556}") = "ConsoleApp1", "ConsoleApp1\ConsoleApp1.csproj", "{4F7AC19F-2EFB-4D86-93D2-95E68316157D}"
EndProject
Project("{FAE04EC0-301F-11D3-BF4B-00C04F79EFBC}") = "WpfApp1", "WpfApp1\WpfApp1.csproj", "{431A330E-A10A-420A-A0FD-A8DA9497BF1E}"
EndProject
Global
	GlobalSection(SolutionConfigurationPlatforms) = preSolution
		Debug|Any CPU = Debug|Any CPU
		Release|Any CPU = Release|Any CPU
	EndGlobalSection
	GlobalSection(ProjectConfigurationPlatforms) = postSolution
		{4F7AC19F-2EFB-4D86-93D2-95E68316157D}.Debug|Any CPU.ActiveCfg = Debug|Any CPU
		{4F7AC19F-2EFB-4D86-93D2-95E68316157D}.Debug|Any CPU.Build.0 = Debug|Any CPU
		{4F7AC19F-2EFB-4D86-93D2-95E68316157D}.Release|Any CPU.ActiveCfg = Release|Any CPU
		{4F7AC19F-2EFB-4D86-93D2-95E68316157D}.Release|Any CPU.Build.0 = Release|Any CPU
		{431A330E-A10A-420A-A0FD-A8DA9497BF1E}.Debug|Any CPU.ActiveCfg = Debug|Any CPU
		{431A330E-A10A-420A-A0FD-A8DA9497BF1E}.Debug|Any CPU.Build.0 = Debug|Any CPU
		{431A330E-A10A-420A-A0FD-A8DA9497BF1E}.Release|Any CPU.ActiveCfg = Release|Any CPU
		{431A330E-A10A-420A-A0FD-A8DA9497BF1E}.Release|Any CPU.Build.0 = Release|Any CPU
	EndGlobalSection
	GlobalSection(SolutionProperties) = preSolution
		HideSolutionNode = FALSE
	EndGlobalSection
	GlobalSection(ExtensibilityGlobals) = postSolution
		SolutionGuid = {1187E44D-AA0B-4D68-9999-E16ACF4DC8C0}
	EndGlobalSection
EndGlobal
